// !$*UTF8*$!
{
	archiveVersion = 1;
	classes = {
	};
	objectVersion = 56;
	objects = {

/* Begin PBXBuildFile section */
		1B1B95422AD98BE400747CFE /* IntroappenApp.swift in Sources */ = {isa = PBXBuildFile; fileRef = 1B1B95412AD98BE400747CFE /* IntroappenApp.swift */; };
		1B1B95442AD98BE400747CFE /* ContentView.swift in Sources */ = {isa = PBXBuildFile; fileRef = 1B1B95432AD98BE400747CFE /* ContentView.swift */; };
		1B1B95462AD98BE500747CFE /* Assets.xcassets in Resources */ = {isa = PBXBuildFile; fileRef = 1B1B95452AD98BE500747CFE /* Assets.xcassets */; };
		1B1B95492AD98BE500747CFE /* Preview Assets.xcassets in Resources */ = {isa = PBXBuildFile; fileRef = 1B1B95482AD98BE500747CFE /* Preview Assets.xcassets */; };
		1B1B95532AD98BE500747CFE /* IntroappenTests.swift in Sources */ = {isa = PBXBuildFile; fileRef = 1B1B95522AD98BE500747CFE /* IntroappenTests.swift */; };
		1B1B955D2AD98BE500747CFE /* IntroappenUITests.swift in Sources */ = {isa = PBXBuildFile; fileRef = 1B1B955C2AD98BE500747CFE /* IntroappenUITests.swift */; };
		1B1B955F2AD98BE500747CFE /* IntroappenUITestsLaunchTests.swift in Sources */ = {isa = PBXBuildFile; fileRef = 1B1B955E2AD98BE500747CFE /* IntroappenUITestsLaunchTests.swift */; };
/* End PBXBuildFile section */

/* Begin PBXContainerItemProxy section */
		1B1B954F2AD98BE500747CFE /* PBXContainerItemProxy */ = {
			isa = PBXContainerItemProxy;
			containerPortal = 1B1B95362AD98BE400747CFE /* Project object */;
			proxyType = 1;
			remoteGlobalIDString = 1B1B953D2AD98BE400747CFE;
			remoteInfo = Introappen;
		};
		1B1B95592AD98BE500747CFE /* PBXContainerItemProxy */ = {
			isa = PBXContainerItemProxy;
			containerPortal = 1B1B95362AD98BE400747CFE /* Project object */;
			proxyType = 1;
			remoteGlobalIDString = 1B1B953D2AD98BE400747CFE;
			remoteInfo = Introappen;
		};
/* End PBXContainerItemProxy section */

/* Begin PBXFileReference section */
		1B1B953E2AD98BE400747CFE /* Introappen.app */ = {isa = PBXFileReference; explicitFileType = wrapper.application; includeInIndex = 0; path = Introappen.app; sourceTree = BUILT_PRODUCTS_DIR; };
		1B1B95412AD98BE400747CFE /* IntroappenApp.swift */ = {isa = PBXFileReference; lastKnownFileType = sourcecode.swift; path = IntroappenApp.swift; sourceTree = "<group>"; };
		1B1B95432AD98BE400747CFE /* ContentView.swift */ = {isa = PBXFileReference; lastKnownFileType = sourcecode.swift; path = ContentView.swift; sourceTree = "<group>"; };
		1B1B95452AD98BE500747CFE /* Assets.xcassets */ = {isa = PBXFileReference; lastKnownFileType = folder.assetcatalog; path = Assets.xcassets; sourceTree = "<group>"; };
		1B1B95482AD98BE500747CFE /* Preview Assets.xcassets */ = {isa = PBXFileReference; lastKnownFileType = folder.assetcatalog; path = "Preview Assets.xcassets"; sourceTree = "<group>"; };
		1B1B954E2AD98BE500747CFE /* IntroappenTests.xctest */ = {isa = PBXFileReference; explicitFileType = wrapper.cfbundle; includeInIndex = 0; path = IntroappenTests.xctest; sourceTree = BUILT_PRODUCTS_DIR; };
		1B1B95522AD98BE500747CFE /* IntroappenTests.swift */ = {isa = PBXFileReference; lastKnownFileType = sourcecode.swift; path = IntroappenTests.swift; sourceTree = "<group>"; };
		1B1B95582AD98BE500747CFE /* IntroappenUITests.xctest */ = {isa = PBXFileReference; explicitFileType = wrapper.cfbundle; includeInIndex = 0; path = IntroappenUITests.xctest; sourceTree = BUILT_PRODUCTS_DIR; };
		1B1B955C2AD98BE500747CFE /* IntroappenUITests.swift */ = {isa = PBXFileReference; lastKnownFileType = sourcecode.swift; path = IntroappenUITests.swift; sourceTree = "<group>"; };
		1B1B955E2AD98BE500747CFE /* IntroappenUITestsLaunchTests.swift */ = {isa = PBXFileReference; lastKnownFileType = sourcecode.swift; path = IntroappenUITestsLaunchTests.swift; sourceTree = "<group>"; };
/* End PBXFileReference section */

/* Begin PBXFrameworksBuildPhase section */
		1B1B953B2AD98BE400747CFE /* Frameworks */ = {
			isa = PBXFrameworksBuildPhase;
			buildActionMask = 2147483647;
			files = (
			);
			runOnlyForDeploymentPostprocessing = 0;
		};
		1B1B954B2AD98BE500747CFE /* Frameworks */ = {
			isa = PBXFrameworksBuildPhase;
			buildActionMask = 2147483647;
			files = (
			);
			runOnlyForDeploymentPostprocessing = 0;
		};
		1B1B95552AD98BE500747CFE /* Frameworks */ = {
			isa = PBXFrameworksBuildPhase;
			buildActionMask = 2147483647;
			files = (
			);
			runOnlyForDeploymentPostprocessing = 0;
		};
/* End PBXFrameworksBuildPhase section */

/* Begin PBXGroup section */
		1B1B95352AD98BE400747CFE = {
			isa = PBXGroup;
			children = (
				1B1B95402AD98BE400747CFE /* Introappen */,
				1B1B95512AD98BE500747CFE /* IntroappenTests */,
				1B1B955B2AD98BE500747CFE /* IntroappenUITests */,
				1B1B953F2AD98BE400747CFE /* Products */,
			);
			sourceTree = "<group>";
		};
		1B1B953F2AD98BE400747CFE /* Products */ = {
			isa = PBXGroup;
			children = (
				1B1B953E2AD98BE400747CFE /* Introappen.app */,
				1B1B954E2AD98BE500747CFE /* IntroappenTests.xctest */,
				1B1B95582AD98BE500747CFE /* IntroappenUITests.xctest */,
			);
			name = Products;
			sourceTree = "<group>";
		};
		1B1B95402AD98BE400747CFE /* Introappen */ = {
			isa = PBXGroup;
			children = (
				1B1B95412AD98BE400747CFE /* IntroappenApp.swift */,
				1B1B95432AD98BE400747CFE /* ContentView.swift */,
				1B1B95452AD98BE500747CFE /* Assets.xcassets */,
				1B1B95472AD98BE500747CFE /* Preview Content */,
			);
			path = Introappen;
			sourceTree = "<group>";
		};
		1B1B95472AD98BE500747CFE /* Preview Content */ = {
			isa = PBXGroup;
			children = (
				1B1B95482AD98BE500747CFE /* Preview Assets.xcassets */,
			);
			path = "Preview Content";
			sourceTree = "<group>";
		};
		1B1B95512AD98BE500747CFE /* IntroappenTests */ = {
			isa = PBXGroup;
			children = (
				1B1B95522AD98BE500747CFE /* IntroappenTests.swift */,
			);
			path = IntroappenTests;
			sourceTree = "<group>";
		};
		1B1B955B2AD98BE500747CFE /* IntroappenUITests */ = {
			isa = PBXGroup;
			children = (
				1B1B955C2AD98BE500747CFE /* IntroappenUITests.swift */,
				1B1B955E2AD98BE500747CFE /* IntroappenUITestsLaunchTests.swift */,
			);
			path = IntroappenUITests;
			sourceTree = "<group>";
		};
/* End PBXGroup section */

/* Begin PBXNativeTarget section */
		1B1B953D2AD98BE400747CFE /* Introappen */ = {
			isa = PBXNativeTarget;
			buildConfigurationList = 1B1B95622AD98BE500747CFE /* Build configuration list for PBXNativeTarget "Introappen" */;
			buildPhases = (
				1B1B953A2AD98BE400747CFE /* Sources */,
				1B1B953B2AD98BE400747CFE /* Frameworks */,
				1B1B953C2AD98BE400747CFE /* Resources */,
			);
			buildRules = (
			);
			dependencies = (
			);
			name = Introappen;
			productName = Introappen;
			productReference = 1B1B953E2AD98BE400747CFE /* Introappen.app */;
			productType = "com.apple.product-type.application";
		};
		1B1B954D2AD98BE500747CFE /* IntroappenTests */ = {
			isa = PBXNativeTarget;
			buildConfigurationList = 1B1B95652AD98BE500747CFE /* Build configuration list for PBXNativeTarget "IntroappenTests" */;
			buildPhases = (
				1B1B954A2AD98BE500747CFE /* Sources */,
				1B1B954B2AD98BE500747CFE /* Frameworks */,
				1B1B954C2AD98BE500747CFE /* Resources */,
			);
			buildRules = (
			);
			dependencies = (
				1B1B95502AD98BE500747CFE /* PBXTargetDependency */,
			);
			name = IntroappenTests;
			productName = IntroappenTests;
			productReference = 1B1B954E2AD98BE500747CFE /* IntroappenTests.xctest */;
			productType = "com.apple.product-type.bundle.unit-test";
		};
		1B1B95572AD98BE500747CFE /* IntroappenUITests */ = {
			isa = PBXNativeTarget;
			buildConfigurationList = 1B1B95682AD98BE500747CFE /* Build configuration list for PBXNativeTarget "IntroappenUITests" */;
			buildPhases = (
				1B1B95542AD98BE500747CFE /* Sources */,
				1B1B95552AD98BE500747CFE /* Frameworks */,
				1B1B95562AD98BE500747CFE /* Resources */,
			);
			buildRules = (
			);
			dependencies = (
				1B1B955A2AD98BE500747CFE /* PBXTargetDependency */,
			);
			name = IntroappenUITests;
			productName = IntroappenUITests;
			productReference = 1B1B95582AD98BE500747CFE /* IntroappenUITests.xctest */;
			productType = "com.apple.product-type.bundle.ui-testing";
		};
/* End PBXNativeTarget section */

/* Begin PBXProject section */
		1B1B95362AD98BE400747CFE /* Project object */ = {
			isa = PBXProject;
			attributes = {
				BuildIndependentTargetsInParallel = 1;
				LastSwiftUpdateCheck = 1430;
				LastUpgradeCheck = 1430;
				TargetAttributes = {
					1B1B953D2AD98BE400747CFE = {
						CreatedOnToolsVersion = 14.3.1;
					};
					1B1B954D2AD98BE500747CFE = {
						CreatedOnToolsVersion = 14.3.1;
						TestTargetID = 1B1B953D2AD98BE400747CFE;
					};
					1B1B95572AD98BE500747CFE = {
						CreatedOnToolsVersion = 14.3.1;
						TestTargetID = 1B1B953D2AD98BE400747CFE;
					};
				};
			};
			buildConfigurationList = 1B1B95392AD98BE400747CFE /* Build configuration list for PBXProject "Introappen" */;
			compatibilityVersion = "Xcode 14.0";
			developmentRegion = en;
			hasScannedForEncodings = 0;
			knownRegions = (
				en,
				Base,
			);
			mainGroup = 1B1B95352AD98BE400747CFE;
			productRefGroup = 1B1B953F2AD98BE400747CFE /* Products */;
			projectDirPath = "";
			projectRoot = "";
			targets = (
				1B1B953D2AD98BE400747CFE /* Introappen */,
				1B1B954D2AD98BE500747CFE /* IntroappenTests */,
				1B1B95572AD98BE500747CFE /* IntroappenUITests */,
			);
		};
/* End PBXProject section */

/* Begin PBXResourcesBuildPhase section */
		1B1B953C2AD98BE400747CFE /* Resources */ = {
			isa = PBXResourcesBuildPhase;
			buildActionMask = 2147483647;
			files = (
				1B1B95492AD98BE500747CFE /* Preview Assets.xcassets in Resources */,
				1B1B95462AD98BE500747CFE /* Assets.xcassets in Resources */,
			);
			runOnlyForDeploymentPostprocessing = 0;
		};
		1B1B954C2AD98BE500747CFE /* Resources */ = {
			isa = PBXResourcesBuildPhase;
			buildActionMask = 2147483647;
			files = (
			);
			runOnlyForDeploymentPostprocessing = 0;
		};
		1B1B95562AD98BE500747CFE /* Resources */ = {
			isa = PBXResourcesBuildPhase;
			buildActionMask = 2147483647;
			files = (
			);
			runOnlyForDeploymentPostprocessing = 0;
		};
/* End PBXResourcesBuildPhase section */

/* Begin PBXSourcesBuildPhase section */
		1B1B953A2AD98BE400747CFE /* Sources */ = {
			isa = PBXSourcesBuildPhase;
			buildActionMask = 2147483647;
			files = (
				1B1B95442AD98BE400747CFE /* ContentView.swift in Sources */,
				1B1B95422AD98BE400747CFE /* IntroappenApp.swift in Sources */,
			);
			runOnlyForDeploymentPostprocessing = 0;
		};
		1B1B954A2AD98BE500747CFE /* Sources */ = {
			isa = PBXSourcesBuildPhase;
			buildActionMask = 2147483647;
			files = (
				1B1B95532AD98BE500747CFE /* IntroappenTests.swift in Sources */,
			);
			runOnlyForDeploymentPostprocessing = 0;
		};
		1B1B95542AD98BE500747CFE /* Sources */ = {
			isa = PBXSourcesBuildPhase;
			buildActionMask = 2147483647;
			files = (
				1B1B955F2AD98BE500747CFE /* IntroappenUITestsLaunchTests.swift in Sources */,
				1B1B955D2AD98BE500747CFE /* IntroappenUITests.swift in Sources */,
			);
			runOnlyForDeploymentPostprocessing = 0;
		};
/* End PBXSourcesBuildPhase section */

/* Begin PBXTargetDependency section */
		1B1B95502AD98BE500747CFE /* PBXTargetDependency */ = {
			isa = PBXTargetDependency;
			target = 1B1B953D2AD98BE400747CFE /* Introappen */;
			targetProxy = 1B1B954F2AD98BE500747CFE /* PBXContainerItemProxy */;
		};
		1B1B955A2AD98BE500747CFE /* PBXTargetDependency */ = {
			isa = PBXTargetDependency;
			target = 1B1B953D2AD98BE400747CFE /* Introappen */;
			targetProxy = 1B1B95592AD98BE500747CFE /* PBXContainerItemProxy */;
		};
/* End PBXTargetDependency section */

/* Begin XCBuildConfiguration section */
		1B1B95602AD98BE500747CFE /* Debug */ = {
			isa = XCBuildConfiguration;
			buildSettings = {
				ALWAYS_SEARCH_USER_PATHS = NO;
				CLANG_ANALYZER_NONNULL = YES;
				CLANG_ANALYZER_NUMBER_OBJECT_CONVERSION = YES_AGGRESSIVE;
				CLANG_CXX_LANGUAGE_STANDARD = "gnu++20";
				CLANG_ENABLE_MODULES = YES;
				CLANG_ENABLE_OBJC_ARC = YES;
				CLANG_ENABLE_OBJC_WEAK = YES;
				CLANG_WARN_BLOCK_CAPTURE_AUTORELEASING = YES;
				CLANG_WARN_BOOL_CONVERSION = YES;
				CLANG_WARN_COMMA = YES;
				CLANG_WARN_CONSTANT_CONVERSION = YES;
				CLANG_WARN_DEPRECATED_OBJC_IMPLEMENTATIONS = YES;
				CLANG_WARN_DIRECT_OBJC_ISA_USAGE = YES_ERROR;
				CLANG_WARN_DOCUMENTATION_COMMENTS = YES;
				CLANG_WARN_EMPTY_BODY = YES;
				CLANG_WARN_ENUM_CONVERSION = YES;
				CLANG_WARN_INFINITE_RECURSION = YES;
				CLANG_WARN_INT_CONVERSION = YES;
				CLANG_WARN_NON_LITERAL_NULL_CONVERSION = YES;
				CLANG_WARN_OBJC_IMPLICIT_RETAIN_SELF = YES;
				CLANG_WARN_OBJC_LITERAL_CONVERSION = YES;
				CLANG_WARN_OBJC_ROOT_CLASS = YES_ERROR;
				CLANG_WARN_QUOTED_INCLUDE_IN_FRAMEWORK_HEADER = YES;
				CLANG_WARN_RANGE_LOOP_ANALYSIS = YES;
				CLANG_WARN_STRICT_PROTOTYPES = YES;
				CLANG_WARN_SUSPICIOUS_MOVE = YES;
				CLANG_WARN_UNGUARDED_AVAILABILITY = YES_AGGRESSIVE;
				CLANG_WARN_UNREACHABLE_CODE = YES;
				CLANG_WARN__DUPLICATE_METHOD_MATCH = YES;
				COPY_PHASE_STRIP = NO;
				DEBUG_INFORMATION_FORMAT = dwarf;
				ENABLE_STRICT_OBJC_MSGSEND = YES;
				ENABLE_TESTABILITY = YES;
				GCC_C_LANGUAGE_STANDARD = gnu11;
				GCC_DYNAMIC_NO_PIC = NO;
				GCC_NO_COMMON_BLOCKS = YES;
				GCC_OPTIMIZATION_LEVEL = 0;
				GCC_PREPROCESSOR_DEFINITIONS = (
					"DEBUG=1",
					"$(inherited)",
				);
				GCC_WARN_64_TO_32_BIT_CONVERSION = YES;
				GCC_WARN_ABOUT_RETURN_TYPE = YES_ERROR;
				GCC_WARN_UNDECLARED_SELECTOR = YES;
				GCC_WARN_UNINITIALIZED_AUTOS = YES_AGGRESSIVE;
				GCC_WARN_UNUSED_FUNCTION = YES;
				GCC_WARN_UNUSED_VARIABLE = YES;
				IPHONEOS_DEPLOYMENT_TARGET = 16.4;
				MTL_ENABLE_DEBUG_INFO = INCLUDE_SOURCE;
				MTL_FAST_MATH = YES;
				ONLY_ACTIVE_ARCH = YES;
				SDKROOT = iphoneos;
				SWIFT_ACTIVE_COMPILATION_CONDITIONS = DEBUG;
				SWIFT_OPTIMIZATION_LEVEL = "-Onone";
			};
			name = Debug;
		};
		1B1B95612AD98BE500747CFE /* Release */ = {
			isa = XCBuildConfiguration;
			buildSettings = {
				ALWAYS_SEARCH_USER_PATHS = NO;
				CLANG_ANALYZER_NONNULL = YES;
				CLANG_ANALYZER_NUMBER_OBJECT_CONVERSION = YES_AGGRESSIVE;
				CLANG_CXX_LANGUAGE_STANDARD = "gnu++20";
				CLANG_ENABLE_MODULES = YES;
				CLANG_ENABLE_OBJC_ARC = YES;
				CLANG_ENABLE_OBJC_WEAK = YES;
				CLANG_WARN_BLOCK_CAPTURE_AUTORELEASING = YES;
				CLANG_WARN_BOOL_CONVERSION = YES;
				CLANG_WARN_COMMA = YES;
				CLANG_WARN_CONSTANT_CONVERSION = YES;
				CLANG_WARN_DEPRECATED_OBJC_IMPLEMENTATIONS = YES;
				CLANG_WARN_DIRECT_OBJC_ISA_USAGE = YES_ERROR;
				CLANG_WARN_DOCUMENTATION_COMMENTS = YES;
				CLANG_WARN_EMPTY_BODY = YES;
				CLANG_WARN_ENUM_CONVERSION = YES;
				CLANG_WARN_INFINITE_RECURSION = YES;
				CLANG_WARN_INT_CONVERSION = YES;
				CLANG_WARN_NON_LITERAL_NULL_CONVERSION = YES;
				CLANG_WARN_OBJC_IMPLICIT_RETAIN_SELF = YES;
				CLANG_WARN_OBJC_LITERAL_CONVERSION = YES;
				CLANG_WARN_OBJC_ROOT_CLASS = YES_ERROR;
				CLANG_WARN_QUOTED_INCLUDE_IN_FRAMEWORK_HEADER = YES;
				CLANG_WARN_RANGE_LOOP_ANALYSIS = YES;
				CLANG_WARN_STRICT_PROTOTYPES = YES;
				CLANG_WARN_SUSPICIOUS_MOVE = YES;
				CLANG_WARN_UNGUARDED_AVAILABILITY = YES_AGGRESSIVE;
				CLANG_WARN_UNREACHABLE_CODE = YES;
				CLANG_WARN__DUPLICATE_METHOD_MATCH = YES;
				COPY_PHASE_STRIP = NO;
				DEBUG_INFORMATION_FORMAT = "dwarf-with-dsym";
				ENABLE_NS_ASSERTIONS = NO;
				ENABLE_STRICT_OBJC_MSGSEND = YES;
				GCC_C_LANGUAGE_STANDARD = gnu11;
				GCC_NO_COMMON_BLOCKS = YES;
				GCC_WARN_64_TO_32_BIT_CONVERSION = YES;
				GCC_WARN_ABOUT_RETURN_TYPE = YES_ERROR;
				GCC_WARN_UNDECLARED_SELECTOR = YES;
				GCC_WARN_UNINITIALIZED_AUTOS = YES_AGGRESSIVE;
				GCC_WARN_UNUSED_FUNCTION = YES;
				GCC_WARN_UNUSED_VARIABLE = YES;
				IPHONEOS_DEPLOYMENT_TARGET = 16.4;
				MTL_ENABLE_DEBUG_INFO = NO;
				MTL_FAST_MATH = YES;
				SDKROOT = iphoneos;
				SWIFT_COMPILATION_MODE = wholemodule;
				SWIFT_OPTIMIZATION_LEVEL = "-O";
				VALIDATE_PRODUCT = YES;
			};
			name = Release;
		};
		1B1B95632AD98BE500747CFE /* Debug */ = {
			isa = XCBuildConfiguration;
			buildSettings = {
				ASSETCATALOG_COMPILER_APPICON_NAME = AppIcon;
				ASSETCATALOG_COMPILER_GLOBAL_ACCENT_COLOR_NAME = AccentColor;
				CODE_SIGN_STYLE = Automatic;
				CURRENT_PROJECT_VERSION = 1;
				DEVELOPMENT_ASSET_PATHS = "\"Introappen/Preview Content\"";
				ENABLE_PREVIEWS = YES;
				GENERATE_INFOPLIST_FILE = YES;
				INFOPLIST_KEY_UIApplicationSceneManifest_Generation = YES;
				INFOPLIST_KEY_UIApplicationSupportsIndirectInputEvents = YES;
				INFOPLIST_KEY_UILaunchScreen_Generation = YES;
				INFOPLIST_KEY_UISupportedInterfaceOrientations_iPad = "UIInterfaceOrientationPortrait UIInterfaceOrientationPortraitUpsideDown UIInterfaceOrientationLandscapeLeft UIInterfaceOrientationLandscapeRight";
				INFOPLIST_KEY_UISupportedInterfaceOrientations_iPhone = "UIInterfaceOrientationPortrait UIInterfaceOrientationLandscapeLeft UIInterfaceOrientationLandscapeRight";
				LD_RUNPATH_SEARCH_PATHS = (
					"$(inherited)",
					"@executable_path/Frameworks",
				);
				MARKETING_VERSION = 1.0;
				PRODUCT_BUNDLE_IDENTIFIER = se.test.Introappen;
				PRODUCT_NAME = "$(TARGET_NAME)";
				SWIFT_EMIT_LOC_STRINGS = YES;
				SWIFT_VERSION = 5.0;
				TARGETED_DEVICE_FAMILY = "1,2";
			};
			name = Debug;
		};
		1B1B95642AD98BE500747CFE /* Release */ = {
			isa = XCBuildConfiguration;
			buildSettings = {
				ASSETCATALOG_COMPILER_APPICON_NAME = AppIcon;
				ASSETCATALOG_COMPILER_GLOBAL_ACCENT_COLOR_NAME = AccentColor;
				CODE_SIGN_STYLE = Automatic;
				CURRENT_PROJECT_VERSION = 1;
				DEVELOPMENT_ASSET_PATHS = "\"Introappen/Preview Content\"";
				ENABLE_PREVIEWS = YES;
				GENERATE_INFOPLIST_FILE = YES;
				INFOPLIST_KEY_UIApplicationSceneManifest_Generation = YES;
				INFOPLIST_KEY_UIApplicationSupportsIndirectInputEvents = YES;
				INFOPLIST_KEY_UILaunchScreen_Generation = YES;
				INFOPLIST_KEY_UISupportedInterfaceOrientations_iPad = "UIInterfaceOrientationPortrait UIInterfaceOrientationPortraitUpsideDown UIInterfaceOrientationLandscapeLeft UIInterfaceOrientationLandscapeRight";
				INFOPLIST_KEY_UISupportedInterfaceOrientations_iPhone = "UIInterfaceOrientationPortrait UIInterfaceOrientationLandscapeLeft UIInterfaceOrientationLandscapeRight";
				LD_RUNPATH_SEARCH_PATHS = (
					"$(inherited)",
					"@executable_path/Frameworks",
				);
				MARKETING_VERSION = 1.0;
				PRODUCT_BUNDLE_IDENTIFIER = se.test.Introappen;
				PRODUCT_NAME = "$(TARGET_NAME)";
				SWIFT_EMIT_LOC_STRINGS = YES;
				SWIFT_VERSION = 5.0;
				TARGETED_DEVICE_FAMILY = "1,2";
			};
			name = Release;
		};
		1B1B95662AD98BE500747CFE /* Debug */ = {
			isa = XCBuildConfiguration;
			buildSettings = {
				ALWAYS_EMBED_SWIFT_STANDARD_LIBRARIES = YES;
				BUNDLE_LOADER = "$(TEST_HOST)";
				CODE_SIGN_STYLE = Automatic;
				CURRENT_PROJECT_VERSION = 1;
				GENERATE_INFOPLIST_FILE = YES;
				IPHONEOS_DEPLOYMENT_TARGET = 16.4;
				MARKETING_VERSION = 1.0;
				PRODUCT_BUNDLE_IDENTIFIER = se.test.IntroappenTests;
				PRODUCT_NAME = "$(TARGET_NAME)";
				SWIFT_EMIT_LOC_STRINGS = NO;
				SWIFT_VERSION = 5.0;
				TARGETED_DEVICE_FAMILY = "1,2";
				TEST_HOST = "$(BUILT_PRODUCTS_DIR)/Introappen.app/$(BUNDLE_EXECUTABLE_FOLDER_PATH)/Introappen";
			};
			name = Debug;
		};
		1B1B95672AD98BE500747CFE /* Release */ = {
			isa = XCBuildConfiguration;
			buildSettings = {
				ALWAYS_EMBED_SWIFT_STANDARD_LIBRARIES = YES;
				BUNDLE_LOADER = "$(TEST_HOST)";
				CODE_SIGN_STYLE = Automatic;
				CURRENT_PROJECT_VERSION = 1;
				GENERATE_INFOPLIST_FILE = YES;
				IPHONEOS_DEPLOYMENT_TARGET = 16.4;
				MARKETING_VERSION = 1.0;
				PRODUCT_BUNDLE_IDENTIFIER = se.test.IntroappenTests;
				PRODUCT_NAME = "$(TARGET_NAME)";
				SWIFT_EMIT_LOC_STRINGS = NO;
				SWIFT_VERSION = 5.0;
				TARGETED_DEVICE_FAMILY = "1,2";
				TEST_HOST = "$(BUILT_PRODUCTS_DIR)/Introappen.app/$(BUNDLE_EXECUTABLE_FOLDER_PATH)/Introappen";
			};
			name = Release;
		};
		1B1B95692AD98BE500747CFE /* Debug */ = {
			isa = XCBuildConfiguration;
			buildSettings = {
				ALWAYS_EMBED_SWIFT_STANDARD_LIBRARIES = YES;
				CODE_SIGN_STYLE = Automatic;
				CURRENT_PROJECT_VERSION = 1;
				GENERATE_INFOPLIST_FILE = YES;
				MARKETING_VERSION = 1.0;
				PRODUCT_BUNDLE_IDENTIFIER = se.test.IntroappenUITests;
				PRODUCT_NAME = "$(TARGET_NAME)";
				SWIFT_EMIT_LOC_STRINGS = NO;
				SWIFT_VERSION = 5.0;
				TARGETED_DEVICE_FAMILY = "1,2";
				TEST_TARGET_NAME = Introappen;
			};
			name = Debug;
		};
		1B1B956A2AD98BE500747CFE /* Release */ = {
			isa = XCBuildConfiguration;
			buildSettings = {
				ALWAYS_EMBED_SWIFT_STANDARD_LIBRARIES = YES;
				CODE_SIGN_STYLE = Automatic;
				CURRENT_PROJECT_VERSION = 1;
				GENERATE_INFOPLIST_FILE = YES;
				MARKETING_VERSION = 1.0;
				PRODUCT_BUNDLE_IDENTIFIER = se.test.IntroappenUITests;
				PRODUCT_NAME = "$(TARGET_NAME)";
				SWIFT_EMIT_LOC_STRINGS = NO;
				SWIFT_VERSION = 5.0;
				TARGETED_DEVICE_FAMILY = "1,2";
				TEST_TARGET_NAME = Introappen;
			};
			name = Release;
		};
/* End XCBuildConfiguration section */

/* Begin XCConfigurationList section */
		1B1B95392AD98BE400747CFE /* Build configuration list for PBXProject "Introappen" */ = {
			isa = XCConfigurationList;
			buildConfigurations = (
				1B1B95602AD98BE500747CFE /* Debug */,
				1B1B95612AD98BE500747CFE /* Release */,
			);
			defaultConfigurationIsVisible = 0;
			defaultConfigurationName = Release;
		};
		1B1B95622AD98BE500747CFE /* Build configuration list for PBXNativeTarget "Introappen" */ = {
			isa = XCConfigurationList;
			buildConfigurations = (
				1B1B95632AD98BE500747CFE /* Debug */,
				1B1B95642AD98BE500747CFE /* Release */,
			);
			defaultConfigurationIsVisible = 0;
			defaultConfigurationName = Release;
		};
		1B1B95652AD98BE500747CFE /* Build configuration list for PBXNativeTarget "IntroappenTests" */ = {
			isa = XCConfigurationList;
			buildConfigurations = (
				1B1B95662AD98BE500747CFE /* Debug */,
				1B1B95672AD98BE500747CFE /* Release */,
			);
			defaultConfigurationIsVisible = 0;
			defaultConfigurationName = Release;
		};
		1B1B95682AD98BE500747CFE /* Build configuration list for PBXNativeTarget "IntroappenUITests" */ = {
			isa = XCConfigurationList;
			buildConfigurations = (
				1B1B95692AD98BE500747CFE /* Debug */,
				1B1B956A2AD98BE500747CFE /* Release */,
			);
			defaultConfigurationIsVisible = 0;
			defaultConfigurationName = Release;
		};
/* End XCConfigurationList section */
	};
	rootObject = 1B1B95362AD98BE400747CFE /* Project object */;
}
